
Microsoft Visual Studio Solution File, Format Version 12.00
# Visual Studio Version 18
VisualStudioVersion = 18.6.11822.322
MinimumVisualStudioVersion = 10.0.40219.1
Project("{FAE04EC0-301F-11D3-BF4B-00C04F79EFBC}") = "Station", "Station\Station.csproj", "{3D613C6A-CA58-4DAD-9F3F-60FD78DEAAF8}"
EndProject
Project("{FAE04EC0-301F-11D3-BF4B-00C04F79EFBC}") = "Backend", "Backend\Backend.csproj", "{C46C099D-7F0F-4A92-8DF6-EDF12B6F1A10}"
EndProject
Project("{2150E333-8FDC-42A3-9474-1A3956D46DE8}") = "Data", "Data", "{015FE221-96B2-289B-A0E8-6E7354784A75}"
EndProject
Project("{2150E333-8FDC-42A3-9474-1A3956D46DE8}") = "Auth", "Auth", "{8F503187-CC63-E2C7-0019-58822E457549}"
	ProjectSection(SolutionItems) = preProject
		AuthDbContextFactory.cs = AuthDbContextFactory.cs
	EndProjectSection
EndProject
Project("{FAE04EC0-301F-11D3-BF4B-00C04F79EFBC}") = "TunnelSecurity.Data.Auth", "Data\Auth\TunnelSecurity.Data.Auth.csproj", "{E6C46729-E41C-40FD-9EFB-6CDD111132E2}"
EndProject
Project("{FAE04EC0-301F-11D3-BF4B-00C04F79EFBC}") = "BackendV2", "BackendV2\BackendV2.csproj", "{99420DC3-44FF-4EEC-9FE9-E673EA297113}"
EndProject
Project("{FAE04EC0-301F-11D3-BF4B-00C04F79EFBC}") = "WireProtocol", "WireProtocol\WireProtocol.csproj", "{4B6C1F2A-8D3E-4B5A-9C1D-2A7E5F9B3C10}"
EndProject
Project("{FAE04EC0-301F-11D3-BF4B-00C04F79EFBC}") = "NodePublisherSim", "NodePublisherSim\NodePublisherSim.csproj", "{7D2A9E4B-1C6F-4A8D-BE3A-5F8C2D7B4A21}"
EndProject
Project("{FAE04EC0-301F-11D3-BF4B-00C04F79EFBC}") = "CameraPublisherSim", "CameraPublisherSim\CameraPublisherSim.csproj", "{A1B2C3D4-5E6F-4A7B-8C9D-0E1F2A3B4C5D}"
EndProject
Global
	GlobalSection(SolutionConfigurationPlatforms) = preSolution
		Debug|Any CPU = Debug|Any CPU
		Debug|x64 = Debug|x64
		Debug|x86 = Debug|x86
		Release|Any CPU = Release|Any CPU
		Release|x64 = Release|x64
		Release|x86 = Release|x86
	EndGlobalSection
	GlobalSection(ProjectConfigurationPlatforms) = postSolution
		{3D613C6A-CA58-4DAD-9F3F-60FD78DEAAF8}.Debug|Any CPU.ActiveCfg = Debug|x64
		{3D613C6A-CA58-4DAD-9F3F-60FD78DEAAF8}.Debug|Any CPU.Build.0 = Debug|x64
		{3D613C6A-CA58-4DAD-9F3F-60FD78DEAAF8}.Debug|Any CPU.Deploy.0 = Debug|x64
		{3D613C6A-CA58-4DAD-9F3F-60FD78DEAAF8}.Debug|x64.ActiveCfg = Debug|x64
		{3D613C6A-CA58-4DAD-9F3F-60FD78DEAAF8}.Debug|x64.Build.0 = Debug|x64
		{3D613C6A-CA58-4DAD-9F3F-60FD78DEAAF8}.Debug|x86.ActiveCfg = Debug|Any CPU
		{3D613C6A-CA58-4DAD-9F3F-60FD78DEAAF8}.Debug|x86.Build.0 = Debug|Any CPU
		{3D613C6A-CA58-4DAD-9F3F-60FD78DEAAF8}.Release|Any CPU.ActiveCfg = Release|x64
		{3D613C6A-CA58-4DAD-9F3F-60FD78DEAAF8}.Release|Any CPU.Build.0 = Release|x64
		{3D613C6A-CA58-4DAD-9F3F-60FD78DEAAF8}.Release|Any CPU.Deploy.0 = Release|x64
		{3D613C6A-CA58-4DAD-9F3F-60FD78DEAAF8}.Release|x64.ActiveCfg = Release|Any CPU
		{3D613C6A-CA58-4DAD-9F3F-60FD78DEAAF8}.Release|x64.Build.0 = Release|Any CPU
		{3D613C6A-CA58-4DAD-9F3F-60FD78DEAAF8}.Release|x86.ActiveCfg = Release|Any CPU
		{3D613C6A-CA58-4DAD-9F3F-60FD78DEAAF8}.Release|x86.Build.0 = Release|Any CPU
		{C46C099D-7F0F-4A92-8DF6-EDF12B6F1A10}.Debug|Any CPU.ActiveCfg = Debug|Any CPU
		{C46C099D-7F0F-4A92-8DF6-EDF12B6F1A10}.Debug|Any CPU.Build.0 = Debug|Any CPU
		{C46C099D-7F0F-4A92-8DF6-EDF12B6F1A10}.Debug|x64.ActiveCfg = Debug|Any CPU
		{C46C099D-7F0F-4A92-8DF6-EDF12B6F1A10}.Debug|x64.Build.0 = Debug|Any CPU
		{C46C099D-7F0F-4A92-8DF6-EDF12B6F1A10}.Debug|x86.ActiveCfg = Debug|Any CPU
		{C46C099D-7F0F-4A92-8DF6-EDF12B6F1A10}.Debug|x86.Build.0 = Debug|Any CPU
		{C46C099D-7F0F-4A92-8DF6-EDF12B6F1A10}.Release|Any CPU.ActiveCfg = Release|Any CPU
		{C46C099D-7F0F-4A92-8DF6-EDF12B6F1A10}.Release|Any CPU.Build.0 = Release|Any CPU
		{C46C099D-7F0F-4A92-8DF6-EDF12B6F1A10}.Release|x64.ActiveCfg = Release|Any CPU
		{C46C099D-7F0F-4A92-8DF6-EDF12B6F1A10}.Release|x64.Build.0 = Release|Any CPU
		{C46C099D-7F0F-4A92-8DF6-EDF12B6F1A10}.Release|x86.ActiveCfg = Release|Any CPU
		{C46C099D-7F0F-4A92-8DF6-EDF12B6F1A10}.Release|x86.Build.0 = Release|Any CPU
		{E6C46729-E41C-40FD-9EFB-6CDD111132E2}.Debug|Any CPU.ActiveCfg = Debug|Any CPU
		{E6C46729-E41C-40FD-9EFB-6CDD111132E2}.Debug|Any CPU.Build.0 = Debug|Any CPU
		{E6C46729-E41C-40FD-9EFB-6CDD111132E2}.Debug|x64.ActiveCfg = Debug|Any CPU
		{E6C46729-E41C-40FD-9EFB-6CDD111132E2}.Debug|x64.Build.0 = Debug|Any CPU
		{E6C46729-E41C-40FD-9EFB-6CDD111132E2}.Debug|x86.ActiveCfg = Debug|Any CPU
		{E6C46729-E41C-40FD-9EFB-6CDD111132E2}.Debug|x86.Build.0 = Debug|Any CPU
		{E6C46729-E41C-40FD-9EFB-6CDD111132E2}.Release|Any CPU.ActiveCfg = Release|Any CPU
		{E6C46729-E41C-40FD-9EFB-6CDD111132E2}.Release|Any CPU.Build.0 = Release|Any CPU
		{E6C46729-E41C-40FD-9EFB-6CDD111132E2}.Release|x64.ActiveCfg = Release|Any CPU
		{E6C46729-E41C-40FD-9EFB-6CDD111132E2}.Release|x64.Build.0 = Release|Any CPU
		{E6C46729-E41C-40FD-9EFB-6CDD111132E2}.Release|x86.ActiveCfg = Release|Any CPU
		{E6C46729-E41C-40FD-9EFB-6CDD111132E2}.Release|x86.Build.0 = Release|Any CPU
		{99420DC3-44FF-4EEC-9FE9-E673EA297113}.Debug|Any CPU.ActiveCfg = Debug|Any CPU
		{99420DC3-44FF-4EEC-9FE9-E673EA297113}.Debug|Any CPU.Build.0 = Debug|Any CPU
		{99420DC3-44FF-4EEC-9FE9-E673EA297113}.Debug|x64.ActiveCfg = Debug|Any CPU
		{99420DC3-44FF-4EEC-9FE9-E673EA297113}.Debug|x64.Build.0 = Debug|Any CPU
		{99420DC3-44FF-4EEC-9FE9-E673EA297113}.Debug|x86.ActiveCfg = Debug|Any CPU
		{99420DC3-44FF-4EEC-9FE9-E673EA297113}.Debug|x86.Build.0 = Debug|Any CPU
		{99420DC3-44FF-4EEC-9FE9-E673EA297113}.Release|Any CPU.ActiveCfg = Release|Any CPU
		{99420DC3-44FF-4EEC-9FE9-E673EA297113}.Release|Any CPU.Build.0 = Release|Any CPU
		{99420DC3-44FF-4EEC-9FE9-E673EA297113}.Release|x64.ActiveCfg = Release|Any CPU
		{99420DC3-44FF-4EEC-9FE9-E673EA297113}.Release|x64.Build.0 = Release|Any CPU
		{99420DC3-44FF-4EEC-9FE9-E673EA297113}.Release|x86.ActiveCfg = Release|Any CPU
		{99420DC3-44FF-4EEC-9FE9-E673EA297113}.Release|x86.Build.0 = Release|Any CPU
		{4B6C1F2A-8D3E-4B5A-9C1D-2A7E5F9B3C10}.Debug|Any CPU.ActiveCfg = Debug|Any CPU
		{4B6C1F2A-8D3E-4B5A-9C1D-2A7E5F9B3C10}.Debug|Any CPU.Build.0 = Debug|Any CPU
		{4B6C1F2A-8D3E-4B5A-9C1D-2A7E5F9B3C10}.Debug|x64.ActiveCfg = Debug|Any CPU
		{4B6C1F2A-8D3E-4B5A-9C1D-2A7E5F9B3C10}.Debug|x64.Build.0 = Debug|Any CPU
		{4B6C1F2A-8D3E-4B5A-9C1D-2A7E5F9B3C10}.Debug|x86.ActiveCfg = Debug|Any CPU
		{4B6C1F2A-8D3E-4B5A-9C1D-2A7E5F9B3C10}.Debug|x86.Build.0 = Debug|Any CPU
		{4B6C1F2A-8D3E-4B5A-9C1D-2A7E5F9B3C10}.Release|Any CPU.ActiveCfg = Release|Any CPU
		{4B6C1F2A-8D3E-4B5A-9C1D-2A7E5F9B3C10}.Release|Any CPU.Build.0 = Release|Any CPU
		{4B6C1F2A-8D3E-4B5A-9C1D-2A7E5F9B3C10}.Release|x64.ActiveCfg = Release|Any CPU
		{4B6C1F2A-8D3E-4B5A-9C1D-2A7E5F9B3C10}.Release|x64.Build.0 = Release|Any CPU
		{4B6C1F2A-8D3E-4B5A-9C1D-2A7E5F9B3C10}.Release|x86.ActiveCfg = Release|Any CPU
		{4B6C1F2A-8D3E-4B5A-9C1D-2A7E5F9B3C10}.Release|x86.Build.0 = Release|Any CPU
		{7D2A9E4B-1C6F-4A8D-BE3A-5F8C2D7B4A21}.Debug|Any CPU.ActiveCfg = Debug|Any CPU
		{7D2A9E4B-1C6F-4A8D-BE3A-5F8C2D7B4A21}.Debug|Any CPU.Build.0 = Debug|Any CPU
		{7D2A9E4B-1C6F-4A8D-BE3A-5F8C2D7B4A21}.Debug|x64.ActiveCfg = Debug|Any CPU
		{7D2A9E4B-1C6F-4A8D-BE3A-5F8C2D7B4A21}.Debug|x64.Build.0 = Debug|Any CPU
		{7D2A9E4B-1C6F-4A8D-BE3A-5F8C2D7B4A21}.Debug|x86.ActiveCfg = Debug|Any CPU
		{7D2A9E4B-1C6F-4A8D-BE3A-5F8C2D7B4A21}.Debug|x86.Build.0 = Debug|Any CPU
		{7D2A9E4B-1C6F-4A8D-BE3A-5F8C2D7B4A21}.Release|Any CPU.ActiveCfg = Release|Any CPU
		{7D2A9E4B-1C6F-4A8D-BE3A-5F8C2D7B4A21}.Release|Any CPU.Build.0 = Release|Any CPU
		{7D2A9E4B-1C6F-4A8D-BE3A-5F8C2D7B4A21}.Release|x64.ActiveCfg = Release|Any CPU
		{7D2A9E4B-1C6F-4A8D-BE3A-5F8C2D7B4A21}.Release|x64.Build.0 = Release|Any CPU
		{7D2A9E4B-1C6F-4A8D-BE3A-5F8C2D7B4A21}.Release|x86.ActiveCfg = Release|Any CPU
		{7D2A9E4B-1C6F-4A8D-BE3A-5F8C2D7B4A21}.Release|x86.Build.0 = Release|Any CPU
		{A1B2C3D4-5E6F-4A7B-8C9D-0E1F2A3B4C5D}.Debug|Any CPU.ActiveCfg = Debug|Any CPU
		{A1B2C3D4-5E6F-4A7B-8C9D-0E1F2A3B4C5D}.Debug|Any CPU.Build.0 = Debug|Any CPU
		{A1B2C3D4-5E6F-4A7B-8C9D-0E1F2A3B4C5D}.Debug|x64.ActiveCfg = Debug|Any CPU
		{A1B2C3D4-5E6F-4A7B-8C9D-0E1F2A3B4C5D}.Debug|x64.Build.0 = Debug|Any CPU
		{A1B2C3D4-5E6F-4A7B-8C9D-0E1F2A3B4C5D}.Debug|x86.ActiveCfg = Debug|Any CPU
		{A1B2C3D4-5E6F-4A7B-8C9D-0E1F2A3B4C5D}.Debug|x86.Build.0 = Debug|Any CPU
		{A1B2C3D4-5E6F-4A7B-8C9D-0E1F2A3B4C5D}.Release|Any CPU.ActiveCfg = Release|Any CPU
		{A1B2C3D4-5E6F-4A7B-8C9D-0E1F2A3B4C5D}.Release|Any CPU.Build.0 = Release|Any CPU
		{A1B2C3D4-5E6F-4A7B-8C9D-0E1F2A3B4C5D}.Release|x64.ActiveCfg = Release|Any CPU
		{A1B2C3D4-5E6F-4A7B-8C9D-0E1F2A3B4C5D}.Release|x64.Build.0 = Release|Any CPU
		{A1B2C3D4-5E6F-4A7B-8C9D-0E1F2A3B4C5D}.Release|x86.ActiveCfg = Release|Any CPU
		{A1B2C3D4-5E6F-4A7B-8C9D-0E1F2A3B4C5D}.Release|x86.Build.0 = Release|Any CPU
	EndGlobalSection
	GlobalSection(SolutionProperties) = preSolution
		HideSolutionNode = FALSE
	EndGlobalSection
	GlobalSection(NestedProjects) = preSolution
		{8F503187-CC63-E2C7-0019-58822E457549} = {015FE221-96B2-289B-A0E8-6E7354784A75}
		{E6C46729-E41C-40FD-9EFB-6CDD111132E2} = {8F503187-CC63-E2C7-0019-58822E457549}
	EndGlobalSection
	GlobalSection(ExtensibilityGlobals) = postSolution
		SolutionGuid = {8CDDDE96-7E2B-4C3B-93C5-F7C0334070C6}
	EndGlobalSection
EndGlobal
