Microsoft Visual Studio Solution File, Format Version 12.00
# Visual Studio Version 17
VisualStudioVersion = 17.14.36616.10
MinimumVisualStudioVersion = 10.0.40219.1
Project("{FAE04EC0-301F-11D3-BF4B-00C04F79EFBC}") = "Station", "Station\Station.csproj", "{3D613C6A-CA58-4DAD-9F3F-60FD78DEAAF8}"
EndProject
Project("{FAE04EC0-301F-11D3-BF4B-00C04F79EFBC}") = "Center", "Center\Center.csproj", "{E04D0541-2039-4F46-918D-BC160C98AE54}"
EndProject
Project("{FAE04EC0-301F-11D3-BF4B-00C04F79EFBC}") = "Backend", "Backend\Backend.csproj", "{C46C099D-7F0F-4A92-8DF6-EDF12B6F1A10}"
EndProject
Global
	GlobalSection(SolutionConfigurationPlatforms) = preSolution
		Debug|Any CPU = Debug|Any CPU
		Release|Any CPU = Release|Any CPU
	EndGlobalSection
	GlobalSection(ProjectConfigurationPlatforms) = postSolution
		{3D613C6A-CA58-4DAD-9F3F-60FD78DEAAF8}.Debug|Any CPU.ActiveCfg = Debug|x64
		{3D613C6A-CA58-4DAD-9F3F-60FD78DEAAF8}.Debug|Any CPU.Build.0 = Debug|x64
		{3D613C6A-CA58-4DAD-9F3F-60FD78DEAAF8}.Debug|Any CPU.Deploy.0 = Debug|x64
		{3D613C6A-CA58-4DAD-9F3F-60FD78DEAAF8}.Release|Any CPU.ActiveCfg = Release|x64
		{3D613C6A-CA58-4DAD-9F3F-60FD78DEAAF8}.Release|Any CPU.Build.0 = Release|x64
		{3D613C6A-CA58-4DAD-9F3F-60FD78DEAAF8}.Release|Any CPU.Deploy.0 = Release|x64
		{E04D0541-2039-4F46-918D-BC160C98AE54}.Debug|Any CPU.ActiveCfg = Debug|x64
		{E04D0541-2039-4F46-918D-BC160C98AE54}.Debug|Any CPU.Build.0 = Debug|x64
		{E04D0541-2039-4F46-918D-BC160C98AE54}.Debug|Any CPU.Deploy.0 = Debug|x64
		{E04D0541-2039-4F46-918D-BC160C98AE54}.Release|Any CPU.ActiveCfg = Release|x64
		{E04D0541-2039-4F46-918D-BC160C98AE54}.Release|Any CPU.Build.0 = Release|x64
		{E04D0541-2039-4F46-918D-BC160C98AE54}.Release|Any CPU.Deploy.0 = Release|x64
		{C46C099D-7F0F-4A92-8DF6-EDF12B6F1A10}.Debug|Any CPU.ActiveCfg = Debug|Any CPU
		{C46C099D-7F0F-4A92-8DF6-EDF12B6F1A10}.Debug|Any CPU.Build.0 = Debug|Any CPU
		{C46C099D-7F0F-4A92-8DF6-EDF12B6F1A10}.Release|Any CPU.ActiveCfg = Release|Any CPU
		{C46C099D-7F0F-4A92-8DF6-EDF12B6F1A10}.Release|Any CPU.Build.0 = Release|Any CPU
	EndGlobalSection
	GlobalSection(SolutionProperties) = preSolution
		HideSolutionNode = FALSE
	EndGlobalSection
	GlobalSection(ExtensibilityGlobals) = postSolution
		SolutionGuid = {8CDDDE96-7E2B-4C3B-93C5-F7C0334070C6}
	EndGlobalSection
EndGlobal
